
Microsoft Visual Studio Solution File, Format Version 12.00
# Visual Studio Version 16
VisualStudioVersion = 16.0.31424.327
MinimumVisualStudioVersion = 10.0.40219.1
Project("{FAE04EC0-301F-11D3-BF4B-00C04F79EFBC}") = "Movies", "Movies\Movies.csproj", "{1E475A1D-2804-4A14-AFD0-E665535AABF4}"
EndProject
Global
	GlobalSection(SolutionConfigurationPlatforms) = preSolution
		Debug|Any CPU = Debug|Any CPU
		Release|Any CPU = Release|Any CPU
	EndGlobalSection
	GlobalSection(ProjectConfigurationPlatforms) = postSolution
		{1E475A1D-2804-4A14-AFD0-E665535AABF4}.Debug|Any CPU.ActiveCfg = Debug|Any CPU
		{1E475A1D-2804-4A14-AFD0-E665535AABF4}.Debug|Any CPU.Build.0 = Debug|Any CPU
		{1E475A1D-2804-4A14-AFD0-E665535AABF4}.Release|Any CPU.ActiveCfg = Release|Any CPU
		{1E475A1D-2804-4A14-AFD0-E665535AABF4}.Release|Any CPU.Build.0 = Release|Any CPU
	EndGlobalSection
	GlobalSection(SolutionProperties) = preSolution
		HideSolutionNode = FALSE
	EndGlobalSection
	GlobalSection(ExtensibilityGlobals) = postSolution
		SolutionGuid = {047B5AF0-1995-4383-88BE-83E5BFD449F9}
	EndGlobalSection
EndGlobal
